
Microsoft Visual Studio Solution File, Format Version 12.00
# Visual Studio 15
VisualStudioVersion = 15.0.28307.572
MinimumVisualStudioVersion = 10.0.40219.1
Project("{FAE04EC0-301F-11D3-BF4B-00C04F79EFBC}") = "Server_MuhammadFerdyYosa_20180140054", "Server_MuhammadFerdyYosa_20180140054\Server_MuhammadFerdyYosa_20180140054.csproj", "{D9EE794E-DD8E-4429-9C0E-235C49161C05}"
EndProject
Global
	GlobalSection(SolutionConfigurationPlatforms) = preSolution
		Debug|Any CPU = Debug|Any CPU
		Release|Any CPU = Release|Any CPU
	EndGlobalSection
	GlobalSection(ProjectConfigurationPlatforms) = postSolution
		{D9EE794E-DD8E-4429-9C0E-235C49161C05}.Debug|Any CPU.ActiveCfg = Debug|Any CPU
		{D9EE794E-DD8E-4429-9C0E-235C49161C05}.Debug|Any CPU.Build.0 = Debug|Any CPU
		{D9EE794E-DD8E-4429-9C0E-235C49161C05}.Release|Any CPU.ActiveCfg = Release|Any CPU
		{D9EE794E-DD8E-4429-9C0E-235C49161C05}.Release|Any CPU.Build.0 = Release|Any CPU
	EndGlobalSection
	GlobalSection(SolutionProperties) = preSolution
		HideSolutionNode = FALSE
	EndGlobalSection
	GlobalSection(ExtensibilityGlobals) = postSolution
		SolutionGuid = {88104D34-E2E9-4155-8A3C-40C46C439B08}
	EndGlobalSection
EndGlobal
