
Microsoft Visual Studio Solution File, Format Version 12.00
# Visual Studio 15
VisualStudioVersion = 15.0.28307.572
MinimumVisualStudioVersion = 10.0.40219.1
Project("{FAE04EC0-301F-11D3-BF4B-00C04F79EFBC}") = "Client_MuhammadFerdyYosa_054", "Client_MuhammadFerdyYosa_054\Client_MuhammadFerdyYosa_054.csproj", "{ACCD15F4-CE69-4A7A-B614-92932D2CAF69}"
EndProject
Global
	GlobalSection(SolutionConfigurationPlatforms) = preSolution
		Debug|Any CPU = Debug|Any CPU
		Release|Any CPU = Release|Any CPU
	EndGlobalSection
	GlobalSection(ProjectConfigurationPlatforms) = postSolution
		{ACCD15F4-CE69-4A7A-B614-92932D2CAF69}.Debug|Any CPU.ActiveCfg = Debug|Any CPU
		{ACCD15F4-CE69-4A7A-B614-92932D2CAF69}.Debug|Any CPU.Build.0 = Debug|Any CPU
		{ACCD15F4-CE69-4A7A-B614-92932D2CAF69}.Release|Any CPU.ActiveCfg = Release|Any CPU
		{ACCD15F4-CE69-4A7A-B614-92932D2CAF69}.Release|Any CPU.Build.0 = Release|Any CPU
	EndGlobalSection
	GlobalSection(SolutionProperties) = preSolution
		HideSolutionNode = FALSE
	EndGlobalSection
	GlobalSection(ExtensibilityGlobals) = postSolution
		SolutionGuid = {6326477C-1C81-4027-A068-480AE51BA031}
	EndGlobalSection
EndGlobal
